{
  "name": "@milaboratory/sdk-vue",
  "version": "1.0.0",
  "lockfileVersion": 3,
  "requires": true,
  "packages": {
    "": {
      "name": "@milaboratory/sdk-vue",
      "version": "1.0.0",
      "license": "ISC",
      "workspaces": [
        "lib"
      ],
      "dependencies": {
        "vue": "3.4.27"
      },
      "devDependencies": {
        "@types/node": "20.12.7",
        "@vitejs/plugin-vue": "^5.0.0",
        "typescript": "^5.4",
        "vite": "^5.2.0",
        "vue-tsc": "^2.0.6"
      },
      "peerDependencies": {
        "@milaboratory/platforma-uikit": "^0.1.7"
      }
    },
    "lib": {
      "name": "sdk-vue-lib",
      "version": "0.0.0"
    },
    "node_modules/@babel/parser": {
      "version": "7.24.7",
      "license": "MIT",
      "bin": {
        "parser": "bin/babel-parser.js"
      },
      "engines": {
        "node": ">=6.0.0"
      }
    },
    "node_modules/@esbuild/darwin-arm64": {
      "version": "0.21.5",
      "cpu": [
        "arm64"
      ],
      "dev": true,
      "license": "MIT",
      "optional": true,
      "os": [
        "darwin"
      ],
      "engines": {
        "node": ">=12"
      }
    },
    "node_modules/@jridgewell/sourcemap-codec": {
      "version": "1.5.0",
      "license": "MIT"
    },
    "node_modules/@milaboratory/helpers": {
      "version": "1.3.12",
      "license": "ISC",
      "peer": true
    },
    "node_modules/@milaboratory/platforma-core": {
      "version": "0.1.5",
      "license": "MIT",
      "peer": true,
      "dependencies": {
        "zod": "^3.21.4"
      }
    },
    "node_modules/@milaboratory/platforma-uikit": {
      "version": "0.1.7",
      "peer": true,
      "dependencies": {
        "@milaboratory/helpers": "^1.3.9",
        "@milaboratory/platforma-core": "^0.1.2",
        "js-yaml": "^4.1.0",
        "vue": "^3.4.27",
        "vue-router": "^4.2.5"
      },
      "engines": {
        "node": "^20.12.2",
        "npm": "^10.5.2"
      }
    },
    "node_modules/@rollup/rollup-darwin-arm64": {
      "version": "4.18.1",
      "cpu": [
        "arm64"
      ],
      "dev": true,
      "license": "MIT",
      "optional": true,
      "os": [
        "darwin"
      ]
    },
    "node_modules/@types/estree": {
      "version": "1.0.5",
      "dev": true,
      "license": "MIT"
    },
    "node_modules/@types/node": {
      "version": "20.12.7",
      "dev": true,
      "license": "MIT",
      "dependencies": {
        "undici-types": "~5.26.4"
      }
    },
    "node_modules/@vitejs/plugin-vue": {
      "version": "5.0.5",
      "dev": true,
      "license": "MIT",
      "engines": {
        "node": "^18.0.0 || >=20.0.0"
      },
      "peerDependencies": {
        "vite": "^5.0.0",
        "vue": "^3.2.25"
      }
    },
    "node_modules/@volar/language-core": {
      "version": "2.4.0-alpha.15",
      "dev": true,
      "license": "MIT",
      "dependencies": {
        "@volar/source-map": "2.4.0-alpha.15"
      }
    },
    "node_modules/@volar/source-map": {
      "version": "2.4.0-alpha.15",
      "dev": true,
      "license": "MIT"
    },
    "node_modules/@volar/typescript": {
      "version": "2.4.0-alpha.15",
      "dev": true,
      "license": "MIT",
      "dependencies": {
        "@volar/language-core": "2.4.0-alpha.15",
        "path-browserify": "^1.0.1",
        "vscode-uri": "^3.0.8"
      }
    },
    "node_modules/@vue/compiler-core": {
      "version": "3.4.31",
      "dev": true,
      "license": "MIT",
      "dependencies": {
        "@babel/parser": "^7.24.7",
        "@vue/shared": "3.4.31",
        "entities": "^4.5.0",
        "estree-walker": "^2.0.2",
        "source-map-js": "^1.2.0"
      }
    },
    "node_modules/@vue/compiler-dom": {
      "version": "3.4.31",
      "dev": true,
      "license": "MIT",
      "dependencies": {
        "@vue/compiler-core": "3.4.31",
        "@vue/shared": "3.4.31"
      }
    },
    "node_modules/@vue/compiler-sfc": {
      "version": "3.4.27",
      "resolved": "https://registry.npmjs.org/@vue/compiler-sfc/-/compiler-sfc-3.4.27.tgz",
      "integrity": "sha512-nDwntUEADssW8e0rrmE0+OrONwmRlegDA1pD6QhVeXxjIytV03yDqTey9SBDiALsvAd5U4ZrEKbMyVXhX6mCGA==",
      "dependencies": {
        "@babel/parser": "^7.24.4",
        "@vue/compiler-core": "3.4.27",
        "@vue/compiler-dom": "3.4.27",
        "@vue/compiler-ssr": "3.4.27",
        "@vue/shared": "3.4.27",
        "estree-walker": "^2.0.2",
        "magic-string": "^0.30.10",
        "postcss": "^8.4.38",
        "source-map-js": "^1.2.0"
      }
    },
    "node_modules/@vue/compiler-sfc/node_modules/@vue/compiler-core": {
      "version": "3.4.27",
      "resolved": "https://registry.npmjs.org/@vue/compiler-core/-/compiler-core-3.4.27.tgz",
      "integrity": "sha512-E+RyqY24KnyDXsCuQrI+mlcdW3ALND6U7Gqa/+bVwbcpcR3BRRIckFoz7Qyd4TTlnugtwuI7YgjbvsLmxb+yvg==",
      "dependencies": {
        "@babel/parser": "^7.24.4",
        "@vue/shared": "3.4.27",
        "entities": "^4.5.0",
        "estree-walker": "^2.0.2",
        "source-map-js": "^1.2.0"
      }
    },
    "node_modules/@vue/compiler-sfc/node_modules/@vue/compiler-dom": {
      "version": "3.4.27",
      "resolved": "https://registry.npmjs.org/@vue/compiler-dom/-/compiler-dom-3.4.27.tgz",
      "integrity": "sha512-kUTvochG/oVgE1w5ViSr3KUBh9X7CWirebA3bezTbB5ZKBQZwR2Mwj9uoSKRMFcz4gSMzzLXBPD6KpCLb9nvWw==",
      "dependencies": {
        "@vue/compiler-core": "3.4.27",
        "@vue/shared": "3.4.27"
      }
    },
    "node_modules/@vue/compiler-sfc/node_modules/@vue/shared": {
      "version": "3.4.27",
      "resolved": "https://registry.npmjs.org/@vue/shared/-/shared-3.4.27.tgz",
      "integrity": "sha512-DL3NmY2OFlqmYYrzp39yi3LDkKxa5vZVwxWdQ3rG0ekuWscHraeIbnI8t+aZK7qhYqEqWKTUdijadunb9pnrgA=="
    },
    "node_modules/@vue/compiler-ssr": {
      "version": "3.4.27",
      "resolved": "https://registry.npmjs.org/@vue/compiler-ssr/-/compiler-ssr-3.4.27.tgz",
      "integrity": "sha512-CVRzSJIltzMG5FcidsW0jKNQnNRYC8bT21VegyMMtHmhW3UOI7knmUehzswXLrExDLE6lQCZdrhD4ogI7c+vuw==",
      "dependencies": {
        "@vue/compiler-dom": "3.4.27",
        "@vue/shared": "3.4.27"
      }
    },
    "node_modules/@vue/compiler-ssr/node_modules/@vue/compiler-core": {
      "version": "3.4.27",
      "resolved": "https://registry.npmjs.org/@vue/compiler-core/-/compiler-core-3.4.27.tgz",
      "integrity": "sha512-E+RyqY24KnyDXsCuQrI+mlcdW3ALND6U7Gqa/+bVwbcpcR3BRRIckFoz7Qyd4TTlnugtwuI7YgjbvsLmxb+yvg==",
      "dependencies": {
        "@babel/parser": "^7.24.4",
        "@vue/shared": "3.4.27",
        "entities": "^4.5.0",
        "estree-walker": "^2.0.2",
        "source-map-js": "^1.2.0"
      }
    },
    "node_modules/@vue/compiler-ssr/node_modules/@vue/compiler-dom": {
      "version": "3.4.27",
      "resolved": "https://registry.npmjs.org/@vue/compiler-dom/-/compiler-dom-3.4.27.tgz",
      "integrity": "sha512-kUTvochG/oVgE1w5ViSr3KUBh9X7CWirebA3bezTbB5ZKBQZwR2Mwj9uoSKRMFcz4gSMzzLXBPD6KpCLb9nvWw==",
      "dependencies": {
        "@vue/compiler-core": "3.4.27",
        "@vue/shared": "3.4.27"
      }
    },
    "node_modules/@vue/compiler-ssr/node_modules/@vue/shared": {
      "version": "3.4.27",
      "resolved": "https://registry.npmjs.org/@vue/shared/-/shared-3.4.27.tgz",
      "integrity": "sha512-DL3NmY2OFlqmYYrzp39yi3LDkKxa5vZVwxWdQ3rG0ekuWscHraeIbnI8t+aZK7qhYqEqWKTUdijadunb9pnrgA=="
    },
    "node_modules/@vue/devtools-api": {
      "version": "6.6.3",
      "license": "MIT",
      "peer": true
    },
    "node_modules/@vue/language-core": {
      "version": "2.0.26",
      "dev": true,
      "license": "MIT",
      "dependencies": {
        "@volar/language-core": "~2.4.0-alpha.15",
        "@vue/compiler-dom": "^3.4.0",
        "@vue/shared": "^3.4.0",
        "computeds": "^0.0.1",
        "minimatch": "^9.0.3",
        "muggle-string": "^0.4.1",
        "path-browserify": "^1.0.1",
        "vue-template-compiler": "^2.7.14"
      },
      "peerDependencies": {
        "typescript": "*"
      },
      "peerDependenciesMeta": {
        "typescript": {
          "optional": true
        }
      }
    },
    "node_modules/@vue/reactivity": {
      "version": "3.4.27",
      "resolved": "https://registry.npmjs.org/@vue/reactivity/-/reactivity-3.4.27.tgz",
      "integrity": "sha512-kK0g4NknW6JX2yySLpsm2jlunZJl2/RJGZ0H9ddHdfBVHcNzxmQ0sS0b09ipmBoQpY8JM2KmUw+a6sO8Zo+zIA==",
      "dependencies": {
        "@vue/shared": "3.4.27"
      }
    },
    "node_modules/@vue/reactivity/node_modules/@vue/shared": {
      "version": "3.4.27",
      "resolved": "https://registry.npmjs.org/@vue/shared/-/shared-3.4.27.tgz",
      "integrity": "sha512-DL3NmY2OFlqmYYrzp39yi3LDkKxa5vZVwxWdQ3rG0ekuWscHraeIbnI8t+aZK7qhYqEqWKTUdijadunb9pnrgA=="
    },
    "node_modules/@vue/runtime-core": {
      "version": "3.4.27",
      "resolved": "https://registry.npmjs.org/@vue/runtime-core/-/runtime-core-3.4.27.tgz",
      "integrity": "sha512-7aYA9GEbOOdviqVvcuweTLe5Za4qBZkUY7SvET6vE8kyypxVgaT1ixHLg4urtOlrApdgcdgHoTZCUuTGap/5WA==",
      "dependencies": {
        "@vue/reactivity": "3.4.27",
        "@vue/shared": "3.4.27"
      }
    },
    "node_modules/@vue/runtime-core/node_modules/@vue/shared": {
      "version": "3.4.27",
      "resolved": "https://registry.npmjs.org/@vue/shared/-/shared-3.4.27.tgz",
      "integrity": "sha512-DL3NmY2OFlqmYYrzp39yi3LDkKxa5vZVwxWdQ3rG0ekuWscHraeIbnI8t+aZK7qhYqEqWKTUdijadunb9pnrgA=="
    },
    "node_modules/@vue/runtime-dom": {
      "version": "3.4.27",
      "resolved": "https://registry.npmjs.org/@vue/runtime-dom/-/runtime-dom-3.4.27.tgz",
      "integrity": "sha512-ScOmP70/3NPM+TW9hvVAz6VWWtZJqkbdf7w6ySsws+EsqtHvkhxaWLecrTorFxsawelM5Ys9FnDEMt6BPBDS0Q==",
      "dependencies": {
        "@vue/runtime-core": "3.4.27",
        "@vue/shared": "3.4.27",
        "csstype": "^3.1.3"
      }
    },
    "node_modules/@vue/runtime-dom/node_modules/@vue/shared": {
      "version": "3.4.27",
      "resolved": "https://registry.npmjs.org/@vue/shared/-/shared-3.4.27.tgz",
      "integrity": "sha512-DL3NmY2OFlqmYYrzp39yi3LDkKxa5vZVwxWdQ3rG0ekuWscHraeIbnI8t+aZK7qhYqEqWKTUdijadunb9pnrgA=="
    },
    "node_modules/@vue/server-renderer": {
      "version": "3.4.27",
      "resolved": "https://registry.npmjs.org/@vue/server-renderer/-/server-renderer-3.4.27.tgz",
      "integrity": "sha512-dlAMEuvmeA3rJsOMJ2J1kXU7o7pOxgsNHVr9K8hB3ImIkSuBrIdy0vF66h8gf8Tuinf1TK3mPAz2+2sqyf3KzA==",
      "dependencies": {
        "@vue/compiler-ssr": "3.4.27",
        "@vue/shared": "3.4.27"
      },
      "peerDependencies": {
        "vue": "3.4.27"
      }
    },
    "node_modules/@vue/server-renderer/node_modules/@vue/shared": {
      "version": "3.4.27",
      "resolved": "https://registry.npmjs.org/@vue/shared/-/shared-3.4.27.tgz",
      "integrity": "sha512-DL3NmY2OFlqmYYrzp39yi3LDkKxa5vZVwxWdQ3rG0ekuWscHraeIbnI8t+aZK7qhYqEqWKTUdijadunb9pnrgA=="
    },
    "node_modules/@vue/shared": {
      "version": "3.4.31",
      "dev": true,
      "license": "MIT"
    },
    "node_modules/argparse": {
      "version": "2.0.1",
      "license": "Python-2.0",
      "peer": true
    },
    "node_modules/balanced-match": {
      "version": "1.0.2",
      "dev": true,
      "license": "MIT"
    },
    "node_modules/brace-expansion": {
      "version": "2.0.1",
      "dev": true,
      "license": "MIT",
      "dependencies": {
        "balanced-match": "^1.0.0"
      }
    },
    "node_modules/computeds": {
      "version": "0.0.1",
      "dev": true,
      "license": "MIT"
    },
    "node_modules/csstype": {
      "version": "3.1.3",
      "resolved": "https://registry.npmjs.org/csstype/-/csstype-3.1.3.tgz",
      "integrity": "sha512-M1uQkMl8rQK/szD0LNhtqxIPLpimGm8sOBwU7lLnCpSbTyY3yeU1Vc7l4KT5zT4s/yOxHH5O7tIuuLOCnLADRw=="
    },
    "node_modules/de-indent": {
      "version": "1.0.2",
      "dev": true,
      "license": "MIT"
    },
    "node_modules/entities": {
      "version": "4.5.0",
      "license": "BSD-2-Clause",
      "engines": {
        "node": ">=0.12"
      },
      "funding": {
        "url": "https://github.com/fb55/entities?sponsor=1"
      }
    },
    "node_modules/esbuild": {
      "version": "0.21.5",
      "dev": true,
      "hasInstallScript": true,
      "license": "MIT",
      "bin": {
        "esbuild": "bin/esbuild"
      },
      "engines": {
        "node": ">=12"
      },
      "optionalDependencies": {
        "@esbuild/aix-ppc64": "0.21.5",
        "@esbuild/android-arm": "0.21.5",
        "@esbuild/android-arm64": "0.21.5",
        "@esbuild/android-x64": "0.21.5",
        "@esbuild/darwin-arm64": "0.21.5",
        "@esbuild/darwin-x64": "0.21.5",
        "@esbuild/freebsd-arm64": "0.21.5",
        "@esbuild/freebsd-x64": "0.21.5",
        "@esbuild/linux-arm": "0.21.5",
        "@esbuild/linux-arm64": "0.21.5",
        "@esbuild/linux-ia32": "0.21.5",
        "@esbuild/linux-loong64": "0.21.5",
        "@esbuild/linux-mips64el": "0.21.5",
        "@esbuild/linux-ppc64": "0.21.5",
        "@esbuild/linux-riscv64": "0.21.5",
        "@esbuild/linux-s390x": "0.21.5",
        "@esbuild/linux-x64": "0.21.5",
        "@esbuild/netbsd-x64": "0.21.5",
        "@esbuild/openbsd-x64": "0.21.5",
        "@esbuild/sunos-x64": "0.21.5",
        "@esbuild/win32-arm64": "0.21.5",
        "@esbuild/win32-ia32": "0.21.5",
        "@esbuild/win32-x64": "0.21.5"
      }
    },
    "node_modules/estree-walker": {
      "version": "2.0.2",
      "license": "MIT"
    },
    "node_modules/fsevents": {
      "version": "2.3.3",
      "dev": true,
      "license": "MIT",
      "optional": true,
      "os": [
        "darwin"
      ],
      "engines": {
        "node": "^8.16.0 || ^10.6.0 || >=11.0.0"
      }
    },
    "node_modules/he": {
      "version": "1.2.0",
      "dev": true,
      "license": "MIT",
      "bin": {
        "he": "bin/he"
      }
    },
    "node_modules/js-yaml": {
      "version": "4.1.0",
      "license": "MIT",
      "peer": true,
      "dependencies": {
        "argparse": "^2.0.1"
      },
      "bin": {
        "js-yaml": "bin/js-yaml.js"
      }
    },
    "node_modules/lib": {
      "resolved": "lib",
      "link": true
    },
    "node_modules/magic-string": {
      "version": "0.30.10",
      "license": "MIT",
      "dependencies": {
        "@jridgewell/sourcemap-codec": "^1.4.15"
      }
    },
    "node_modules/minimatch": {
      "version": "9.0.5",
      "dev": true,
      "license": "ISC",
      "dependencies": {
        "brace-expansion": "^2.0.1"
      },
      "engines": {
        "node": ">=16 || 14 >=14.17"
      },
      "funding": {
        "url": "https://github.com/sponsors/isaacs"
      }
    },
    "node_modules/muggle-string": {
      "version": "0.4.1",
      "dev": true,
      "license": "MIT"
    },
    "node_modules/nanoid": {
      "version": "3.3.7",
      "funding": [
        {
          "type": "github",
          "url": "https://github.com/sponsors/ai"
        }
      ],
      "license": "MIT",
      "bin": {
        "nanoid": "bin/nanoid.cjs"
      },
      "engines": {
        "node": "^10 || ^12 || ^13.7 || ^14 || >=15.0.1"
      }
    },
    "node_modules/path-browserify": {
      "version": "1.0.1",
      "dev": true,
      "license": "MIT"
    },
    "node_modules/picocolors": {
      "version": "1.0.1",
      "license": "ISC"
    },
    "node_modules/postcss": {
      "version": "8.4.39",
      "funding": [
        {
          "type": "opencollective",
          "url": "https://opencollective.com/postcss/"
        },
        {
          "type": "tidelift",
          "url": "https://tidelift.com/funding/github/npm/postcss"
        },
        {
          "type": "github",
          "url": "https://github.com/sponsors/ai"
        }
      ],
      "license": "MIT",
      "dependencies": {
        "nanoid": "^3.3.7",
        "picocolors": "^1.0.1",
        "source-map-js": "^1.2.0"
      },
      "engines": {
        "node": "^10 || ^12 || >=14"
      }
    },
    "node_modules/rollup": {
      "version": "4.18.1",
      "dev": true,
      "license": "MIT",
      "dependencies": {
        "@types/estree": "1.0.5"
      },
      "bin": {
        "rollup": "dist/bin/rollup"
      },
      "engines": {
        "node": ">=18.0.0",
        "npm": ">=8.0.0"
      },
      "optionalDependencies": {
        "@rollup/rollup-android-arm-eabi": "4.18.1",
        "@rollup/rollup-android-arm64": "4.18.1",
        "@rollup/rollup-darwin-arm64": "4.18.1",
        "@rollup/rollup-darwin-x64": "4.18.1",
        "@rollup/rollup-linux-arm-gnueabihf": "4.18.1",
        "@rollup/rollup-linux-arm-musleabihf": "4.18.1",
        "@rollup/rollup-linux-arm64-gnu": "4.18.1",
        "@rollup/rollup-linux-arm64-musl": "4.18.1",
        "@rollup/rollup-linux-powerpc64le-gnu": "4.18.1",
        "@rollup/rollup-linux-riscv64-gnu": "4.18.1",
        "@rollup/rollup-linux-s390x-gnu": "4.18.1",
        "@rollup/rollup-linux-x64-gnu": "4.18.1",
        "@rollup/rollup-linux-x64-musl": "4.18.1",
        "@rollup/rollup-win32-arm64-msvc": "4.18.1",
        "@rollup/rollup-win32-ia32-msvc": "4.18.1",
        "@rollup/rollup-win32-x64-msvc": "4.18.1",
        "fsevents": "~2.3.2"
      }
    },
    "node_modules/semver": {
      "version": "7.6.2",
      "dev": true,
      "license": "ISC",
      "bin": {
        "semver": "bin/semver.js"
      },
      "engines": {
        "node": ">=10"
      }
    },
    "node_modules/source-map-js": {
      "version": "1.2.0",
      "license": "BSD-3-Clause",
      "engines": {
        "node": ">=0.10.0"
      }
    },
    "node_modules/typescript": {
      "version": "5.5.3",
      "devOptional": true,
      "license": "Apache-2.0",
      "bin": {
        "tsc": "bin/tsc",
        "tsserver": "bin/tsserver"
      },
      "engines": {
        "node": ">=14.17"
      }
    },
    "node_modules/undici-types": {
      "version": "5.26.5",
      "dev": true,
      "license": "MIT"
    },
    "node_modules/vite": {
      "version": "5.3.3",
      "dev": true,
      "license": "MIT",
      "dependencies": {
        "esbuild": "^0.21.3",
        "postcss": "^8.4.39",
        "rollup": "^4.13.0"
      },
      "bin": {
        "vite": "bin/vite.js"
      },
      "engines": {
        "node": "^18.0.0 || >=20.0.0"
      },
      "funding": {
        "url": "https://github.com/vitejs/vite?sponsor=1"
      },
      "optionalDependencies": {
        "fsevents": "~2.3.3"
      },
      "peerDependencies": {
        "@types/node": "^18.0.0 || >=20.0.0",
        "less": "*",
        "lightningcss": "^1.21.0",
        "sass": "*",
        "stylus": "*",
        "sugarss": "*",
        "terser": "^5.4.0"
      },
      "peerDependenciesMeta": {
        "@types/node": {
          "optional": true
        },
        "less": {
          "optional": true
        },
        "lightningcss": {
          "optional": true
        },
        "sass": {
          "optional": true
        },
        "stylus": {
          "optional": true
        },
        "sugarss": {
          "optional": true
        },
        "terser": {
          "optional": true
        }
      }
    },
    "node_modules/vscode-uri": {
      "version": "3.0.8",
      "dev": true,
      "license": "MIT"
    },
    "node_modules/vue": {
      "version": "3.4.27",
      "resolved": "https://registry.npmjs.org/vue/-/vue-3.4.27.tgz",
      "integrity": "sha512-8s/56uK6r01r1icG/aEOHqyMVxd1bkYcSe9j8HcKtr/xTOFWvnzIVTehNW+5Yt89f+DLBe4A569pnZLS5HzAMA==",
      "dependencies": {
        "@vue/compiler-dom": "3.4.27",
        "@vue/compiler-sfc": "3.4.27",
        "@vue/runtime-dom": "3.4.27",
        "@vue/server-renderer": "3.4.27",
        "@vue/shared": "3.4.27"
      },
      "peerDependencies": {
        "typescript": "*"
      },
      "peerDependenciesMeta": {
        "typescript": {
          "optional": true
        }
      }
    },
    "node_modules/vue-router": {
      "version": "4.4.0",
      "license": "MIT",
      "peer": true,
      "dependencies": {
        "@vue/devtools-api": "^6.5.1"
      },
      "funding": {
        "url": "https://github.com/sponsors/posva"
      },
      "peerDependencies": {
        "vue": "^3.2.0"
      }
    },
    "node_modules/vue-template-compiler": {
      "version": "2.7.16",
      "dev": true,
      "license": "MIT",
      "dependencies": {
        "de-indent": "^1.0.2",
        "he": "^1.2.0"
      }
    },
    "node_modules/vue-tsc": {
      "version": "2.0.26",
      "dev": true,
      "license": "MIT",
      "dependencies": {
        "@volar/typescript": "~2.4.0-alpha.15",
        "@vue/language-core": "2.0.26",
        "semver": "^7.5.4"
      },
      "bin": {
        "vue-tsc": "bin/vue-tsc.js"
      },
      "peerDependencies": {
        "typescript": ">=5.0.0"
      }
    },
    "node_modules/vue/node_modules/@vue/compiler-core": {
      "version": "3.4.27",
      "resolved": "https://registry.npmjs.org/@vue/compiler-core/-/compiler-core-3.4.27.tgz",
      "integrity": "sha512-E+RyqY24KnyDXsCuQrI+mlcdW3ALND6U7Gqa/+bVwbcpcR3BRRIckFoz7Qyd4TTlnugtwuI7YgjbvsLmxb+yvg==",
      "dependencies": {
        "@babel/parser": "^7.24.4",
        "@vue/shared": "3.4.27",
        "entities": "^4.5.0",
        "estree-walker": "^2.0.2",
        "source-map-js": "^1.2.0"
      }
    },
    "node_modules/vue/node_modules/@vue/compiler-dom": {
      "version": "3.4.27",
      "resolved": "https://registry.npmjs.org/@vue/compiler-dom/-/compiler-dom-3.4.27.tgz",
      "integrity": "sha512-kUTvochG/oVgE1w5ViSr3KUBh9X7CWirebA3bezTbB5ZKBQZwR2Mwj9uoSKRMFcz4gSMzzLXBPD6KpCLb9nvWw==",
      "dependencies": {
        "@vue/compiler-core": "3.4.27",
        "@vue/shared": "3.4.27"
      }
    },
    "node_modules/vue/node_modules/@vue/shared": {
      "version": "3.4.27",
      "resolved": "https://registry.npmjs.org/@vue/shared/-/shared-3.4.27.tgz",
      "integrity": "sha512-DL3NmY2OFlqmYYrzp39yi3LDkKxa5vZVwxWdQ3rG0ekuWscHraeIbnI8t+aZK7qhYqEqWKTUdijadunb9pnrgA=="
    },
    "node_modules/zod": {
      "version": "3.23.8",
      "license": "MIT",
      "peer": true,
      "funding": {
        "url": "https://github.com/sponsors/colinhacks"
      }
    }
  }
}
