{
  "name": "pl-package-builder-runenv-1",
  "version": "1.0.0",
  "lockfileVersion": 3,
  "requires": true,
  "packages": {
    "": {
      "name": "pl-package-builder-runenv-1",
      "version": "1.0.0",
      "license": "UNLICENSED",
      "devDependencies": {
        "@platforma-sdk/package-builder": "file:../../../tools/package-builder/."
      }
    },
    "../..": {
      "extraneous": true
    },
    "../../../tools/package-builder": {
      "version": "2.9.2",
      "dev": true,
      "license": "UNLICENSED",
      "dependencies": {
        "@aws-sdk/client-s3": "catalog:",
        "@oclif/core": "catalog:",
        "canonicalize": "catalog:",
        "tar": "catalog:",
        "winston": "catalog:",
        "yaml": "catalog:",
        "zod": "catalog:"
      },
      "bin": {
        "pl-pkg": "bin/run.js"
      },
      "devDependencies": {
        "@jest/globals": "catalog:",
        "@milaboratories/oclif-index": "workspace:*",
        "@milaboratories/platforma-build-configs": "workspace:*",
        "@types/jest": "catalog:",
        "@types/node": "catalog:",
        "jest": "catalog:",
        "ts-jest": "catalog:",
        "typescript": "catalog:",
        "vite": "catalog:"
      }
    },
    "node_modules/@platforma-sdk/package-builder": {
      "resolved": "../../../tools/package-builder",
      "link": true
    }
  }
}
