{
  "name": "@milaboratory/pl-package-builder-integration-1",
  "version": "1.0.0",
  "lockfileVersion": 3,
  "requires": true,
  "packages": {
    "": {
      "name": "@milaboratory/pl-package-builder-integration-1",
      "version": "1.0.0",
      "license": "UNLICENSED",
      "devDependencies": {
        "@milaboratory/pl-package-builder": "file:../../."
      }
    },
    "../..": {
      "version": "0.0.1",
      "dev": true,
      "license": "UNLICENSED",
      "dependencies": {
        "@oclif/core": "^3.26.6",
        "canonicalize": "^2.0.0",
        "winston": "^3.13.0"
      },
      "bin": {
        "pl-pkg": "bin/run.js"
      },
      "devDependencies": {
        "@types/jest": "^29.5.12",
        "@types/node": "^20.14.10",
        "ts-jest": "^29.1.5",
        "ts-node": "^10.9.2",
        "tsconfig-paths": "^4.2.0",
        "typescript": "^5.5.3",
        "yaml": "^2.5.0",
        "zod": "^3.23.8"
      }
    },
    "node_modules/@milaboratory/pl-package-builder": {
      "resolved": "../..",
      "link": true
    }
  }
}
