{
  "name": "@milaboratory/tengo-template-builder-all-integration-tests",
  "version": "1.0.0",
  "lockfileVersion": 3,
  "requires": true,
  "dev": true,
  "packages": {
    "": {
      "name": "@milaboratory/tengo-template-builder-all-integration-tests",
      "version": "1.0.0",
      "workspaces": [
        "library-1"
      ],
      "devDependencies": {}
    },
    "..": {
      "name": "@milaboratory/tengo-template-builder",
      "version": "0.0.1",
      "dev": true,
      "license": "UNLICENSED",
      "dependencies": {
        "canonicalize": "^2.0.0"
      },
      "bin": {
        "pl-tengo-build": "dist/main.js"
      },
      "devDependencies": {
        "@types/jest": "^29.5.12",
        "@types/node": "^20.12.8",
        "ts-jest": "^29.1.2",
        "typescript": "^5.3.3"
      }
    },
    "library-1": {
      "name": "@milaboratory/tengo-integration-tests-lib-1",
      "version": "1.0.0",
      "license": "UNLICENSED",
      "devDependencies": {
        "@milaboratory/tengo-template-builder": "file:../../."
      }
    },
    "library-1/node_modules/@milaboratory/tengo-template-builder": {
      "resolved": "..",
      "link": true
    },
    "node_modules/@milaboratory/tengo-integration-tests-lib-1": {
      "resolved": "library-1",
      "link": true
    }
  }
}
