{
  "name": "@milaboratory/tengo-template-builder-all-integration-tests",
  "version": "1.0.0",
  "lockfileVersion": 3,
  "requires": true,
  "dev": true,
  "packages": {
    "": {
      "name": "@milaboratory/tengo-template-builder-all-integration-tests",
      "version": "1.0.0",
      "workspaces": [
        "1-library",
        "2-software-dep"
      ],
      "devDependencies": {}
    },
    "..": {
      "name": "@milaboratory/tengo-template-builder",
      "version": "1.8.4",
      "dev": true,
      "license": "UNLICENSED",
      "dependencies": {
        "@milaboratory/tengo-tester": "^1.3.4",
        "@oclif/core": "^3.26.6",
        "canonicalize": "^2.0.0",
        "winston": "^3.13.0"
      },
      "bin": {
        "pl-tengo": "bin/run.js"
      },
      "devDependencies": {
        "@types/jest": "^29.5.12",
        "@types/node": "^20.14.10",
        "ts-jest": "^29.1.5",
        "ts-node": "^10.9.2",
        "tsconfig-paths": "^4.2.0",
        "typescript": "^5.5.3"
      }
    },
    "1-library": {
      "name": "@milaboratory/tengo-integration-tests-1-library",
      "version": "1.0.0",
      "license": "UNLICENSED",
      "devDependencies": {
        "@milaboratory/tengo-template-builder": "file:../../."
      }
    },
    "2-software-dep": {
      "name": "@milaboratory/tengo-integration-tests-2-software-dep",
      "version": "1.0.0",
      "license": "UNLICENSED",
      "devDependencies": {
        "@milaboratory/tengo-sdk": "^0.1.1",
        "@milaboratory/tengo-template-builder": "file:../../."
      }
    },
    "library-1": {
      "name": "@milaboratory/tengo-integration-tests-lib-1",
      "version": "1.0.0",
      "extraneous": true,
      "license": "UNLICENSED",
      "devDependencies": {
        "@milaboratory/tengo-template-builder": "file:../../."
      }
    },
    "library-2": {
      "name": "@milaboratory/tengo-integration-tests-lib-2",
      "version": "1.0.0",
      "extraneous": true,
      "license": "UNLICENSED",
      "devDependencies": {
        "@milaboratory/tengo-sdk": "^0.1.1",
        "@milaboratory/tengo-template-builder": "file:../../."
      }
    },
    "library-3": {
      "name": "@milaboratory/tengo-integration-tests-lib-3",
      "version": "1.0.0",
      "extraneous": true,
      "license": "UNLICENSED",
      "devDependencies": {
        "@milaboratory/tengo-template-builder": "file:../../."
      }
    },
    "node_modules/@milaboratory/tengo-integration-tests-1-library": {
      "resolved": "1-library",
      "link": true
    },
    "node_modules/@milaboratory/tengo-integration-tests-2-software-dep": {
      "resolved": "2-software-dep",
      "link": true
    },
    "node_modules/@milaboratory/tengo-milib": {
      "version": "1.1.3",
      "resolved": "https://npm.pkg.github.com/download/@milaboratory/tengo-milib/1.1.3/4f7e562161c31fdf478cd275ccdef76444af5bf8",
      "integrity": "sha512-xVSOxaU2ZNugVuOo52dl0s9t4QCyJhSKnQZVQzZBGqmvWdmOU9w05O+EvsncnF91GDeJRUE5UnhTkGZPdnAKAg==",
      "dev": true,
      "license": "UNLICENSED"
    },
    "node_modules/@milaboratory/tengo-mistd": {
      "version": "1.3.5",
      "resolved": "https://npm.pkg.github.com/download/@milaboratory/tengo-mistd/1.3.5/1852705a12c1aa2ca6193b98e968975e3ead75bb",
      "integrity": "sha512-CqRLXqPSLx3t0MhMDw5b/+SRyUaTQmTtzWciL2HXYq9udZ+hQ9dfgzzM64sevnGwxzWMEBJ+0QbLAIxhUAG8vA==",
      "dev": true,
      "license": "UNLICENSED"
    },
    "node_modules/@milaboratory/tengo-sdk": {
      "version": "0.1.1",
      "resolved": "https://npm.pkg.github.com/download/@milaboratory/tengo-sdk/0.1.1/e33bad9d0c330522a86143fb9f569757281350c4",
      "integrity": "sha512-vJ9KAxDrwgTLsAeQydxI36nu4Je5h2/8gEKvgb496kOJFQtiM0a3EH0F5db5PrqtnmltyNZBWemKQtCRK4zjXQ==",
      "dev": true,
      "license": "MIT",
      "dependencies": {
        "@milaboratory/tengo-milib": "1.1.3",
        "@milaboratory/tengo-mistd": "1.3.5"
      }
    },
    "node_modules/@milaboratory/tengo-template-builder": {
      "resolved": "..",
      "link": true
    },
    "tengo-sdk": {
      "version": "0.1.0",
      "extraneous": true,
      "license": "MIT",
      "dependencies": {
        "@milaboratory/tengo-milib": "1.1.3",
        "@milaboratory/tengo-mistd": "1.3.5",
        "@milaboratory/tengo-tester": "^1.3.4"
      },
      "devDependencies": {
        "@milaboratory/sdk-test": "^1.2.3",
        "@milaboratory/tengo-template-builder": "file:../../.",
        "vitest": "^2.0.2"
      }
    }
  }
}
